
Microsoft Visual Studio Solution File, Format Version 12.00
# Visual Studio 15
VisualStudioVersion = 15.0.26124.0
MinimumVisualStudioVersion = 15.0.26124.0
Project("{FAE04EC0-301F-11D3-BF4B-00C04F79EFBC}") = "PaymentContext.Domain", "PaymentContext.Domain\PaymentContext.Domain.csproj", "{0D54068B-ABA1-4EF9-9DFB-BED127F7F9DA}"
EndProject
Project("{FAE04EC0-301F-11D3-BF4B-00C04F79EFBC}") = "PaymentContext.Shared", "PaymentContext.Shared\PaymentContext.Shared.csproj", "{25E31A91-6C86-4869-AF4F-2B2B1CE97234}"
EndProject
Project("{FAE04EC0-301F-11D3-BF4B-00C04F79EFBC}") = "PaymentContext.Tests", "PaymentContext.Tests\PaymentContext.Tests.csproj", "{ED0A8F7C-8CBE-46A2-BA6B-2A692232314A}"
EndProject
Global
	GlobalSection(SolutionConfigurationPlatforms) = preSolution
		Debug|Any CPU = Debug|Any CPU
		Debug|x64 = Debug|x64
		Debug|x86 = Debug|x86
		Release|Any CPU = Release|Any CPU
		Release|x64 = Release|x64
		Release|x86 = Release|x86
	EndGlobalSection
	GlobalSection(SolutionProperties) = preSolution
		HideSolutionNode = FALSE
	EndGlobalSection
	GlobalSection(ProjectConfigurationPlatforms) = postSolution
		{0D54068B-ABA1-4EF9-9DFB-BED127F7F9DA}.Debug|Any CPU.ActiveCfg = Debug|Any CPU
		{0D54068B-ABA1-4EF9-9DFB-BED127F7F9DA}.Debug|Any CPU.Build.0 = Debug|Any CPU
		{0D54068B-ABA1-4EF9-9DFB-BED127F7F9DA}.Debug|x64.ActiveCfg = Debug|Any CPU
		{0D54068B-ABA1-4EF9-9DFB-BED127F7F9DA}.Debug|x64.Build.0 = Debug|Any CPU
		{0D54068B-ABA1-4EF9-9DFB-BED127F7F9DA}.Debug|x86.ActiveCfg = Debug|Any CPU
		{0D54068B-ABA1-4EF9-9DFB-BED127F7F9DA}.Debug|x86.Build.0 = Debug|Any CPU
		{0D54068B-ABA1-4EF9-9DFB-BED127F7F9DA}.Release|Any CPU.ActiveCfg = Release|Any CPU
		{0D54068B-ABA1-4EF9-9DFB-BED127F7F9DA}.Release|Any CPU.Build.0 = Release|Any CPU
		{0D54068B-ABA1-4EF9-9DFB-BED127F7F9DA}.Release|x64.ActiveCfg = Release|Any CPU
		{0D54068B-ABA1-4EF9-9DFB-BED127F7F9DA}.Release|x64.Build.0 = Release|Any CPU
		{0D54068B-ABA1-4EF9-9DFB-BED127F7F9DA}.Release|x86.ActiveCfg = Release|Any CPU
		{0D54068B-ABA1-4EF9-9DFB-BED127F7F9DA}.Release|x86.Build.0 = Release|Any CPU
		{25E31A91-6C86-4869-AF4F-2B2B1CE97234}.Debug|Any CPU.ActiveCfg = Debug|Any CPU
		{25E31A91-6C86-4869-AF4F-2B2B1CE97234}.Debug|Any CPU.Build.0 = Debug|Any CPU
		{25E31A91-6C86-4869-AF4F-2B2B1CE97234}.Debug|x64.ActiveCfg = Debug|Any CPU
		{25E31A91-6C86-4869-AF4F-2B2B1CE97234}.Debug|x64.Build.0 = Debug|Any CPU
		{25E31A91-6C86-4869-AF4F-2B2B1CE97234}.Debug|x86.ActiveCfg = Debug|Any CPU
		{25E31A91-6C86-4869-AF4F-2B2B1CE97234}.Debug|x86.Build.0 = Debug|Any CPU
		{25E31A91-6C86-4869-AF4F-2B2B1CE97234}.Release|Any CPU.ActiveCfg = Release|Any CPU
		{25E31A91-6C86-4869-AF4F-2B2B1CE97234}.Release|Any CPU.Build.0 = Release|Any CPU
		{25E31A91-6C86-4869-AF4F-2B2B1CE97234}.Release|x64.ActiveCfg = Release|Any CPU
		{25E31A91-6C86-4869-AF4F-2B2B1CE97234}.Release|x64.Build.0 = Release|Any CPU
		{25E31A91-6C86-4869-AF4F-2B2B1CE97234}.Release|x86.ActiveCfg = Release|Any CPU
		{25E31A91-6C86-4869-AF4F-2B2B1CE97234}.Release|x86.Build.0 = Release|Any CPU
		{ED0A8F7C-8CBE-46A2-BA6B-2A692232314A}.Debug|Any CPU.ActiveCfg = Debug|Any CPU
		{ED0A8F7C-8CBE-46A2-BA6B-2A692232314A}.Debug|Any CPU.Build.0 = Debug|Any CPU
		{ED0A8F7C-8CBE-46A2-BA6B-2A692232314A}.Debug|x64.ActiveCfg = Debug|Any CPU
		{ED0A8F7C-8CBE-46A2-BA6B-2A692232314A}.Debug|x64.Build.0 = Debug|Any CPU
		{ED0A8F7C-8CBE-46A2-BA6B-2A692232314A}.Debug|x86.ActiveCfg = Debug|Any CPU
		{ED0A8F7C-8CBE-46A2-BA6B-2A692232314A}.Debug|x86.Build.0 = Debug|Any CPU
		{ED0A8F7C-8CBE-46A2-BA6B-2A692232314A}.Release|Any CPU.ActiveCfg = Release|Any CPU
		{ED0A8F7C-8CBE-46A2-BA6B-2A692232314A}.Release|Any CPU.Build.0 = Release|Any CPU
		{ED0A8F7C-8CBE-46A2-BA6B-2A692232314A}.Release|x64.ActiveCfg = Release|Any CPU
		{ED0A8F7C-8CBE-46A2-BA6B-2A692232314A}.Release|x64.Build.0 = Release|Any CPU
		{ED0A8F7C-8CBE-46A2-BA6B-2A692232314A}.Release|x86.ActiveCfg = Release|Any CPU
		{ED0A8F7C-8CBE-46A2-BA6B-2A692232314A}.Release|x86.Build.0 = Release|Any CPU
	EndGlobalSection
EndGlobal
